
Microsoft Visual Studio Solution File, Format Version 12.00
# Visual Studio Version 17
VisualStudioVersion = 17.7.34031.279
MinimumVisualStudioVersion = 10.0.40219.1
Project("{FAE04EC0-301F-11D3-BF4B-00C04F79EFBC}") = "TP-WEB-EQUIPO-18", "TP-WEB-EQUIPO-18\TP-WEB-EQUIPO-18.csproj", "{908F2618-1102-41EA-83BC-59926B45042E}"
EndProject
Global
	GlobalSection(SolutionConfigurationPlatforms) = preSolution
		Debug|Any CPU = Debug|Any CPU
		Release|Any CPU = Release|Any CPU
	EndGlobalSection
	GlobalSection(ProjectConfigurationPlatforms) = postSolution
		{908F2618-1102-41EA-83BC-59926B45042E}.Debug|Any CPU.ActiveCfg = Debug|Any CPU
		{908F2618-1102-41EA-83BC-59926B45042E}.Debug|Any CPU.Build.0 = Debug|Any CPU
		{908F2618-1102-41EA-83BC-59926B45042E}.Release|Any CPU.ActiveCfg = Release|Any CPU
		{908F2618-1102-41EA-83BC-59926B45042E}.Release|Any CPU.Build.0 = Release|Any CPU
	EndGlobalSection
	GlobalSection(SolutionProperties) = preSolution
		HideSolutionNode = FALSE
	EndGlobalSection
	GlobalSection(ExtensibilityGlobals) = postSolution
		SolutionGuid = {56A7809A-EB94-4C60-ADFF-A941B96C76FD}
	EndGlobalSection
EndGlobal
